
Microsoft Visual Studio Solution File, Format Version 12.00
# Visual Studio 15
VisualStudioVersion = 15.0.27703.2035
MinimumVisualStudioVersion = 10.0.40219.1
Project("{FAE04EC0-301F-11D3-BF4B-00C04F79EFBC}") = "Warframe Alert Tracker", "Warframe Alert Tracker.csproj", "{C3A9F1E5-D0F9-475F-8515-D4134666B5DA}"
EndProject
Global
	GlobalSection(SolutionConfigurationPlatforms) = preSolution
		Debug|Any CPU = Debug|Any CPU
		Release|Any CPU = Release|Any CPU
	EndGlobalSection
	GlobalSection(ProjectConfigurationPlatforms) = postSolution
		{C3A9F1E5-D0F9-475F-8515-D4134666B5DA}.Debug|Any CPU.ActiveCfg = Debug|Any CPU
		{C3A9F1E5-D0F9-475F-8515-D4134666B5DA}.Debug|Any CPU.Build.0 = Debug|Any CPU
		{C3A9F1E5-D0F9-475F-8515-D4134666B5DA}.Release|Any CPU.ActiveCfg = Release|Any CPU
		{C3A9F1E5-D0F9-475F-8515-D4134666B5DA}.Release|Any CPU.Build.0 = Release|Any CPU
	EndGlobalSection
	GlobalSection(SolutionProperties) = preSolution
		HideSolutionNode = FALSE
	EndGlobalSection
	GlobalSection(ExtensibilityGlobals) = postSolution
		SolutionGuid = {EAECD440-2C5A-4C8E-9965-ED55DF04FC48}
	EndGlobalSection
EndGlobal
