
Microsoft Visual Studio Solution File, Format Version 12.00
# Visual Studio 15
VisualStudioVersion = 15.0.27703.2035
MinimumVisualStudioVersion = 10.0.40219.1
Project("{FAE04EC0-301F-11D3-BF4B-00C04F79EFBC}") = "WarframeAlertTracker", "WarframeAlertTracker.csproj", "{37C22337-38D4-4E8E-99B4-89BB16C1FF1D}"
EndProject
Global
	GlobalSection(SolutionConfigurationPlatforms) = preSolution
		Debug|Any CPU = Debug|Any CPU
		Release|Any CPU = Release|Any CPU
	EndGlobalSection
	GlobalSection(ProjectConfigurationPlatforms) = postSolution
		{37C22337-38D4-4E8E-99B4-89BB16C1FF1D}.Debug|Any CPU.ActiveCfg = Debug|Any CPU
		{37C22337-38D4-4E8E-99B4-89BB16C1FF1D}.Debug|Any CPU.Build.0 = Debug|Any CPU
		{37C22337-38D4-4E8E-99B4-89BB16C1FF1D}.Release|Any CPU.ActiveCfg = Release|Any CPU
		{37C22337-38D4-4E8E-99B4-89BB16C1FF1D}.Release|Any CPU.Build.0 = Release|Any CPU
	EndGlobalSection
	GlobalSection(SolutionProperties) = preSolution
		HideSolutionNode = FALSE
	EndGlobalSection
	GlobalSection(ExtensibilityGlobals) = postSolution
		SolutionGuid = {EAECD440-2C5A-4C8E-9965-ED55DF04FC48}
	EndGlobalSection
EndGlobal
